# @generated by Move, please check-in and do not edit manually.

[move]
version = 3
manifest_digest = "9666BE87403FE5835DA3A4093B4119F28A6875D8F2F0CA6229BFD6DF56A5201D"
deps_digest = "3C4103934B1E040BB6B23F1D610B4EF9F2F1166A50A104EADCF77467C004C600"
dependencies = [
  { id = "MoveStdlib", name = "MoveStdlib" },
  { id = "Sui", name = "Sui" },
]

[[move.package]]
id = "MoveStdlib"
source = { git = "https://github.com/MystenLabs/sui.git", rev = "framework/testnet", subdir = "crates/sui-framework/packages/move-stdlib" }

[[move.package]]
id = "Sui"
source = { git = "https://github.com/MystenLabs/sui.git", rev = "framework/testnet", subdir = "crates/sui-framework/packages/sui-framework" }

dependencies = [
  { id = "MoveStdlib", name = "MoveStdlib" },
]

[move.toolchain-version]
compiler-version = "1.48.0"
edition = "2024"
flavor = "sui"

[env]

[env.devnet]
chain-id = "92578f7c"
original-published-id = "0x71ee039a56417bfab7cd845f9c88343d25de146be21c0487492c851797f4056b"
latest-published-id = "0x71ee039a56417bfab7cd845f9c88343d25de146be21c0487492c851797f4056b"
published-version = "1"

[env.testnet]
chain-id = "4c78adac"
original-published-id = "0x9fed724f1aa624cb7cbad335cf4c0e914fceb2d89cfff17fcd0500371ef5d98a"
latest-published-id = "0x9fed724f1aa624cb7cbad335cf4c0e914fceb2d89cfff17fcd0500371ef5d98a"
published-version = "1"
